
Microsoft Visual Studio Solution File, Format Version 12.00
# Visual Studio 2012
Project("{FAE04EC0-301F-11D3-BF4B-00C04F79EFBC}") = "GUI_KIEU", "GUI_KIEU\GUI_KIEU.csproj", "{10AEA479-174C-4DEE-98CD-A4657D47D3EF}"
EndProject
Project("{FAE04EC0-301F-11D3-BF4B-00C04F79EFBC}") = "DTO_KIEU", "DTO_KIEU\DTO_KIEU.csproj", "{73C44B8A-5CFF-47C8-ADA6-85D5B98C6D51}"
EndProject
Project("{FAE04EC0-301F-11D3-BF4B-00C04F79EFBC}") = "DAL_KIEU", "DAL_KIEU\DAL_KIEU.csproj", "{2C4D7EF0-2716-484A-AC51-A0ED99E1691A}"
EndProject
Project("{FAE04EC0-301F-11D3-BF4B-00C04F79EFBC}") = "BUS_KIEU", "BUS_KIEU\BUS_KIEU.csproj", "{0B177881-5885-4AB3-A1C1-5A2AFC7E348C}"
EndProject
Global
	GlobalSection(SolutionConfigurationPlatforms) = preSolution
		Debug|Any CPU = Debug|Any CPU
		Release|Any CPU = Release|Any CPU
	EndGlobalSection
	GlobalSection(ProjectConfigurationPlatforms) = postSolution
		{10AEA479-174C-4DEE-98CD-A4657D47D3EF}.Debug|Any CPU.ActiveCfg = Debug|Any CPU
		{10AEA479-174C-4DEE-98CD-A4657D47D3EF}.Debug|Any CPU.Build.0 = Debug|Any CPU
		{10AEA479-174C-4DEE-98CD-A4657D47D3EF}.Release|Any CPU.ActiveCfg = Release|Any CPU
		{10AEA479-174C-4DEE-98CD-A4657D47D3EF}.Release|Any CPU.Build.0 = Release|Any CPU
		{73C44B8A-5CFF-47C8-ADA6-85D5B98C6D51}.Debug|Any CPU.ActiveCfg = Debug|Any CPU
		{73C44B8A-5CFF-47C8-ADA6-85D5B98C6D51}.Debug|Any CPU.Build.0 = Debug|Any CPU
		{73C44B8A-5CFF-47C8-ADA6-85D5B98C6D51}.Release|Any CPU.ActiveCfg = Release|Any CPU
		{73C44B8A-5CFF-47C8-ADA6-85D5B98C6D51}.Release|Any CPU.Build.0 = Release|Any CPU
		{2C4D7EF0-2716-484A-AC51-A0ED99E1691A}.Debug|Any CPU.ActiveCfg = Debug|Any CPU
		{2C4D7EF0-2716-484A-AC51-A0ED99E1691A}.Debug|Any CPU.Build.0 = Debug|Any CPU
		{2C4D7EF0-2716-484A-AC51-A0ED99E1691A}.Release|Any CPU.ActiveCfg = Release|Any CPU
		{2C4D7EF0-2716-484A-AC51-A0ED99E1691A}.Release|Any CPU.Build.0 = Release|Any CPU
		{0B177881-5885-4AB3-A1C1-5A2AFC7E348C}.Debug|Any CPU.ActiveCfg = Debug|Any CPU
		{0B177881-5885-4AB3-A1C1-5A2AFC7E348C}.Debug|Any CPU.Build.0 = Debug|Any CPU
		{0B177881-5885-4AB3-A1C1-5A2AFC7E348C}.Release|Any CPU.ActiveCfg = Release|Any CPU
		{0B177881-5885-4AB3-A1C1-5A2AFC7E348C}.Release|Any CPU.Build.0 = Release|Any CPU
	EndGlobalSection
	GlobalSection(SolutionProperties) = preSolution
		HideSolutionNode = FALSE
	EndGlobalSection
EndGlobal
